
Microsoft Visual Studio Solution File, Format Version 12.00
# Visual Studio Version 17
VisualStudioVersion = 17.3.32804.467
MinimumVisualStudioVersion = 10.0.40219.1
Project("{FAE04EC0-301F-11D3-BF4B-00C04F79EFBC}") = "UrnasBR", "UrnasBR\UrnasBR.csproj", "{B51F6D9D-F05B-4E94-998E-6BB52070DDF8}"
EndProject
Global
	GlobalSection(SolutionConfigurationPlatforms) = preSolution
		Debug|Any CPU = Debug|Any CPU
		Release|Any CPU = Release|Any CPU
	EndGlobalSection
	GlobalSection(ProjectConfigurationPlatforms) = postSolution
		{B51F6D9D-F05B-4E94-998E-6BB52070DDF8}.Debug|Any CPU.ActiveCfg = Debug|Any CPU
		{B51F6D9D-F05B-4E94-998E-6BB52070DDF8}.Debug|Any CPU.Build.0 = Debug|Any CPU
		{B51F6D9D-F05B-4E94-998E-6BB52070DDF8}.Release|Any CPU.ActiveCfg = Release|Any CPU
		{B51F6D9D-F05B-4E94-998E-6BB52070DDF8}.Release|Any CPU.Build.0 = Release|Any CPU
	EndGlobalSection
	GlobalSection(SolutionProperties) = preSolution
		HideSolutionNode = FALSE
	EndGlobalSection
	GlobalSection(ExtensibilityGlobals) = postSolution
		SolutionGuid = {A80732E6-8D29-4222-B8A8-51BB223D5F26}
	EndGlobalSection
EndGlobal
